// !$*UTF8*$!
{
	archiveVersion = 1;
	classes = {
	};
	objectVersion = 56;
	objects = {

/* Begin PBXBuildFile section */
		7A48B05C2A2DFF4800BEF3D6 /* Main.storyboard in Resources */ = {isa = PBXBuildFile; fileRef = 7A48B05B2A2DFF4800BEF3D6 /* Main.storyboard */; };
		7A48B0682A2E016600BEF3D6 /* FirstScreenInteractor.swift in Sources */ = {isa = PBXBuildFile; fileRef = 7A48B0672A2E016600BEF3D6 /* FirstScreenInteractor.swift */; };
		7A48B06B2A2E01A500BEF3D6 /* FirstScreenUIComposer.swift in Sources */ = {isa = PBXBuildFile; fileRef = 7A48B06A2A2E01A500BEF3D6 /* FirstScreenUIComposer.swift */; };
		7A48B06E2A2E020800BEF3D6 /* Coordinator.swift in Sources */ = {isa = PBXBuildFile; fileRef = 7A48B06D2A2E020800BEF3D6 /* Coordinator.swift */; };
		7A95E9072A2DF9F6008A2255 /* AppDelegate.swift in Sources */ = {isa = PBXBuildFile; fileRef = 7A95E9062A2DF9F6008A2255 /* AppDelegate.swift */; };
		7A95E9092A2DF9F6008A2255 /* SceneDelegate.swift in Sources */ = {isa = PBXBuildFile; fileRef = 7A95E9082A2DF9F6008A2255 /* SceneDelegate.swift */; };
		7A95E9102A2DF9F7008A2255 /* Assets.xcassets in Resources */ = {isa = PBXBuildFile; fileRef = 7A95E90F2A2DF9F7008A2255 /* Assets.xcassets */; };
		7A95E9132A2DF9F7008A2255 /* LaunchScreen.storyboard in Resources */ = {isa = PBXBuildFile; fileRef = 7A95E9112A2DF9F7008A2255 /* LaunchScreen.storyboard */; };
		7A95E91E2A2DF9F7008A2255 /* ios_architecture_demoTests.swift in Sources */ = {isa = PBXBuildFile; fileRef = 7A95E91D2A2DF9F7008A2255 /* ios_architecture_demoTests.swift */; };
		7A95E9282A2DF9F7008A2255 /* ios_architecture_demoUITests.swift in Sources */ = {isa = PBXBuildFile; fileRef = 7A95E9272A2DF9F7008A2255 /* ios_architecture_demoUITests.swift */; };
		7A95E92A2A2DF9F7008A2255 /* ios_architecture_demoUITestsLaunchTests.swift in Sources */ = {isa = PBXBuildFile; fileRef = 7A95E9292A2DF9F7008A2255 /* ios_architecture_demoUITestsLaunchTests.swift */; };
		7A95E9412A2DFA5F008A2255 /* FirstScreen.xib in Resources */ = {isa = PBXBuildFile; fileRef = 7A95E9402A2DFA5F008A2255 /* FirstScreen.xib */; };
		7A95E9432A2DFAC6008A2255 /* FirstScreenViewController.swift in Sources */ = {isa = PBXBuildFile; fileRef = 7A95E9422A2DFAC6008A2255 /* FirstScreenViewController.swift */; };
		7ABC6C282A2E047D001CBF82 /* GetPaymentMethodsClient.swift in Sources */ = {isa = PBXBuildFile; fileRef = 7ABC6C272A2E047D001CBF82 /* GetPaymentMethodsClient.swift */; };
		7ABC6C2B2A2E04A4001CBF82 /* PaymentMethod.swift in Sources */ = {isa = PBXBuildFile; fileRef = 7ABC6C2A2A2E04A4001CBF82 /* PaymentMethod.swift */; };
		7ABC6C2D2A2E04CD001CBF82 /* GetPaymentMethodsService.swift in Sources */ = {isa = PBXBuildFile; fileRef = 7ABC6C2C2A2E04CD001CBF82 /* GetPaymentMethodsService.swift */; };
		7ABC6C2F2A2E04EB001CBF82 /* RemoteGetPaymentMethodsService.swift in Sources */ = {isa = PBXBuildFile; fileRef = 7ABC6C2E2A2E04EB001CBF82 /* RemoteGetPaymentMethodsService.swift */; };
		7ABC6C322A2E0547001CBF82 /* MockNetworking.swift in Sources */ = {isa = PBXBuildFile; fileRef = 7ABC6C312A2E0547001CBF82 /* MockNetworking.swift */; };
		7ABC6C352A2E065F001CBF82 /* FirstScreenPresenter.swift in Sources */ = {isa = PBXBuildFile; fileRef = 7ABC6C342A2E065F001CBF82 /* FirstScreenPresenter.swift */; };
		7ABC6C372A2E082B001CBF82 /* SecondScreenView.swift in Sources */ = {isa = PBXBuildFile; fileRef = 7ABC6C362A2E082B001CBF82 /* SecondScreenView.swift */; };
		7ABC6C3A2A2E0862001CBF82 /* SecondScreenViewModel.swift in Sources */ = {isa = PBXBuildFile; fileRef = 7ABC6C392A2E0862001CBF82 /* SecondScreenViewModel.swift */; };
		7ABC6C3C2A2E0880001CBF82 /* SecondScreenUIComposer.swift in Sources */ = {isa = PBXBuildFile; fileRef = 7ABC6C3B2A2E0880001CBF82 /* SecondScreenUIComposer.swift */; };
		7ABC6C472A2E0C32001CBF82 /* AlternateNetworkingClient.swift in Sources */ = {isa = PBXBuildFile; fileRef = 7ABC6C462A2E0C32001CBF82 /* AlternateNetworkingClient.swift */; };
/* End PBXBuildFile section */

/* Begin PBXContainerItemProxy section */
		7A95E91A2A2DF9F7008A2255 /* PBXContainerItemProxy */ = {
			isa = PBXContainerItemProxy;
			containerPortal = 7A95E8FB2A2DF9F6008A2255 /* Project object */;
			proxyType = 1;
			remoteGlobalIDString = 7A95E9022A2DF9F6008A2255;
			remoteInfo = "ios architecture demo";
		};
		7A95E9242A2DF9F7008A2255 /* PBXContainerItemProxy */ = {
			isa = PBXContainerItemProxy;
			containerPortal = 7A95E8FB2A2DF9F6008A2255 /* Project object */;
			proxyType = 1;
			remoteGlobalIDString = 7A95E9022A2DF9F6008A2255;
			remoteInfo = "ios architecture demo";
		};
/* End PBXContainerItemProxy section */

/* Begin PBXFileReference section */
		7A48B05B2A2DFF4800BEF3D6 /* Main.storyboard */ = {isa = PBXFileReference; lastKnownFileType = file.storyboard; path = Main.storyboard; sourceTree = "<group>"; };
		7A48B0672A2E016600BEF3D6 /* FirstScreenInteractor.swift */ = {isa = PBXFileReference; lastKnownFileType = sourcecode.swift; path = FirstScreenInteractor.swift; sourceTree = "<group>"; };
		7A48B06A2A2E01A500BEF3D6 /* FirstScreenUIComposer.swift */ = {isa = PBXFileReference; lastKnownFileType = sourcecode.swift; path = FirstScreenUIComposer.swift; sourceTree = "<group>"; };
		7A48B06D2A2E020800BEF3D6 /* Coordinator.swift */ = {isa = PBXFileReference; lastKnownFileType = sourcecode.swift; path = Coordinator.swift; sourceTree = "<group>"; };
		7A95E9032A2DF9F6008A2255 /* ios architecture demo.app */ = {isa = PBXFileReference; explicitFileType = wrapper.application; includeInIndex = 0; path = "ios architecture demo.app"; sourceTree = BUILT_PRODUCTS_DIR; };
		7A95E9062A2DF9F6008A2255 /* AppDelegate.swift */ = {isa = PBXFileReference; lastKnownFileType = sourcecode.swift; path = AppDelegate.swift; sourceTree = "<group>"; };
		7A95E9082A2DF9F6008A2255 /* SceneDelegate.swift */ = {isa = PBXFileReference; lastKnownFileType = sourcecode.swift; path = SceneDelegate.swift; sourceTree = "<group>"; };
		7A95E90F2A2DF9F7008A2255 /* Assets.xcassets */ = {isa = PBXFileReference; lastKnownFileType = folder.assetcatalog; path = Assets.xcassets; sourceTree = "<group>"; };
		7A95E9122A2DF9F7008A2255 /* Base */ = {isa = PBXFileReference; lastKnownFileType = file.storyboard; name = Base; path = Base.lproj/LaunchScreen.storyboard; sourceTree = "<group>"; };
		7A95E9142A2DF9F7008A2255 /* Info.plist */ = {isa = PBXFileReference; lastKnownFileType = text.plist.xml; path = Info.plist; sourceTree = "<group>"; };
		7A95E9192A2DF9F7008A2255 /* ios architecture demoTests.xctest */ = {isa = PBXFileReference; explicitFileType = wrapper.cfbundle; includeInIndex = 0; path = "ios architecture demoTests.xctest"; sourceTree = BUILT_PRODUCTS_DIR; };
		7A95E91D2A2DF9F7008A2255 /* ios_architecture_demoTests.swift */ = {isa = PBXFileReference; lastKnownFileType = sourcecode.swift; path = ios_architecture_demoTests.swift; sourceTree = "<group>"; };
		7A95E9232A2DF9F7008A2255 /* ios architecture demoUITests.xctest */ = {isa = PBXFileReference; explicitFileType = wrapper.cfbundle; includeInIndex = 0; path = "ios architecture demoUITests.xctest"; sourceTree = BUILT_PRODUCTS_DIR; };
		7A95E9272A2DF9F7008A2255 /* ios_architecture_demoUITests.swift */ = {isa = PBXFileReference; lastKnownFileType = sourcecode.swift; path = ios_architecture_demoUITests.swift; sourceTree = "<group>"; };
		7A95E9292A2DF9F7008A2255 /* ios_architecture_demoUITestsLaunchTests.swift */ = {isa = PBXFileReference; lastKnownFileType = sourcecode.swift; path = ios_architecture_demoUITestsLaunchTests.swift; sourceTree = "<group>"; };
		7A95E9402A2DFA5F008A2255 /* FirstScreen.xib */ = {isa = PBXFileReference; lastKnownFileType = file.xib; path = FirstScreen.xib; sourceTree = "<group>"; };
		7A95E9422A2DFAC6008A2255 /* FirstScreenViewController.swift */ = {isa = PBXFileReference; lastKnownFileType = sourcecode.swift; path = FirstScreenViewController.swift; sourceTree = "<group>"; };
		7ABC6C272A2E047D001CBF82 /* GetPaymentMethodsClient.swift */ = {isa = PBXFileReference; lastKnownFileType = sourcecode.swift; path = GetPaymentMethodsClient.swift; sourceTree = "<group>"; };
		7ABC6C2A2A2E04A4001CBF82 /* PaymentMethod.swift */ = {isa = PBXFileReference; lastKnownFileType = sourcecode.swift; path = PaymentMethod.swift; sourceTree = "<group>"; };
		7ABC6C2C2A2E04CD001CBF82 /* GetPaymentMethodsService.swift */ = {isa = PBXFileReference; lastKnownFileType = sourcecode.swift; path = GetPaymentMethodsService.swift; sourceTree = "<group>"; };
		7ABC6C2E2A2E04EB001CBF82 /* RemoteGetPaymentMethodsService.swift */ = {isa = PBXFileReference; lastKnownFileType = sourcecode.swift; path = RemoteGetPaymentMethodsService.swift; sourceTree = "<group>"; };
		7ABC6C312A2E0547001CBF82 /* MockNetworking.swift */ = {isa = PBXFileReference; lastKnownFileType = sourcecode.swift; path = MockNetworking.swift; sourceTree = "<group>"; };
		7ABC6C342A2E065F001CBF82 /* FirstScreenPresenter.swift */ = {isa = PBXFileReference; lastKnownFileType = sourcecode.swift; path = FirstScreenPresenter.swift; sourceTree = "<group>"; };
		7ABC6C362A2E082B001CBF82 /* SecondScreenView.swift */ = {isa = PBXFileReference; lastKnownFileType = sourcecode.swift; path = SecondScreenView.swift; sourceTree = "<group>"; };
		7ABC6C392A2E0862001CBF82 /* SecondScreenViewModel.swift */ = {isa = PBXFileReference; lastKnownFileType = sourcecode.swift; path = SecondScreenViewModel.swift; sourceTree = "<group>"; };
		7ABC6C3B2A2E0880001CBF82 /* SecondScreenUIComposer.swift */ = {isa = PBXFileReference; lastKnownFileType = sourcecode.swift; path = SecondScreenUIComposer.swift; sourceTree = "<group>"; };
		7ABC6C462A2E0C32001CBF82 /* AlternateNetworkingClient.swift */ = {isa = PBXFileReference; lastKnownFileType = sourcecode.swift; path = AlternateNetworkingClient.swift; sourceTree = "<group>"; };
/* End PBXFileReference section */

/* Begin PBXFrameworksBuildPhase section */
		7A95E9002A2DF9F6008A2255 /* Frameworks */ = {
			isa = PBXFrameworksBuildPhase;
			buildActionMask = 2147483647;
			files = (
			);
			runOnlyForDeploymentPostprocessing = 0;
		};
		7A95E9162A2DF9F7008A2255 /* Frameworks */ = {
			isa = PBXFrameworksBuildPhase;
			buildActionMask = 2147483647;
			files = (
			);
			runOnlyForDeploymentPostprocessing = 0;
		};
		7A95E9202A2DF9F7008A2255 /* Frameworks */ = {
			isa = PBXFrameworksBuildPhase;
			buildActionMask = 2147483647;
			files = (
			);
			runOnlyForDeploymentPostprocessing = 0;
		};
/* End PBXFrameworksBuildPhase section */

/* Begin PBXGroup section */
		7A48B0662A2E015400BEF3D6 /* Interactor */ = {
			isa = PBXGroup;
			children = (
				7A48B0672A2E016600BEF3D6 /* FirstScreenInteractor.swift */,
			);
			path = Interactor;
			sourceTree = "<group>";
		};
		7A48B0692A2E018900BEF3D6 /* UIComposer */ = {
			isa = PBXGroup;
			children = (
				7A48B06A2A2E01A500BEF3D6 /* FirstScreenUIComposer.swift */,
				7ABC6C3B2A2E0880001CBF82 /* SecondScreenUIComposer.swift */,
			);
			path = UIComposer;
			sourceTree = "<group>";
		};
		7A48B06C2A2E01F900BEF3D6 /* Coordinator */ = {
			isa = PBXGroup;
			children = (
				7A48B06D2A2E020800BEF3D6 /* Coordinator.swift */,
			);
			path = Coordinator;
			sourceTree = "<group>";
		};
		7A95E8FA2A2DF9F6008A2255 = {
			isa = PBXGroup;
			children = (
				7A95E9052A2DF9F6008A2255 /* ios architecture demo */,
				7A95E91C2A2DF9F7008A2255 /* ios architecture demoTests */,
				7A95E9262A2DF9F7008A2255 /* ios architecture demoUITests */,
				7A95E9042A2DF9F6008A2255 /* Products */,
			);
			sourceTree = "<group>";
		};
		7A95E9042A2DF9F6008A2255 /* Products */ = {
			isa = PBXGroup;
			children = (
				7A95E9032A2DF9F6008A2255 /* ios architecture demo.app */,
				7A95E9192A2DF9F7008A2255 /* ios architecture demoTests.xctest */,
				7A95E9232A2DF9F7008A2255 /* ios architecture demoUITests.xctest */,
			);
			name = Products;
			sourceTree = "<group>";
		};
		7A95E9052A2DF9F6008A2255 /* ios architecture demo */ = {
			isa = PBXGroup;
			children = (
				7ABC6C382A2E0852001CBF82 /* ViewModel */,
				7ABC6C332A2E064D001CBF82 /* Presenter */,
				7ABC6C302A2E0534001CBF82 /* Networking */,
				7ABC6C292A2E049A001CBF82 /* Model */,
				7ABC6C262A2E045B001CBF82 /* Services */,
				7A48B06C2A2E01F900BEF3D6 /* Coordinator */,
				7A48B0692A2E018900BEF3D6 /* UIComposer */,
				7A48B0662A2E015400BEF3D6 /* Interactor */,
				7A95E93F2A2DFA4A008A2255 /* Views */,
				7A95E9062A2DF9F6008A2255 /* AppDelegate.swift */,
				7A95E9082A2DF9F6008A2255 /* SceneDelegate.swift */,
				7A95E90F2A2DF9F7008A2255 /* Assets.xcassets */,
				7A95E9112A2DF9F7008A2255 /* LaunchScreen.storyboard */,
				7A95E9142A2DF9F7008A2255 /* Info.plist */,
				7A48B05B2A2DFF4800BEF3D6 /* Main.storyboard */,
			);
			path = "ios architecture demo";
			sourceTree = "<group>";
		};
		7A95E91C2A2DF9F7008A2255 /* ios architecture demoTests */ = {
			isa = PBXGroup;
			children = (
				7A95E91D2A2DF9F7008A2255 /* ios_architecture_demoTests.swift */,
			);
			path = "ios architecture demoTests";
			sourceTree = "<group>";
		};
		7A95E9262A2DF9F7008A2255 /* ios architecture demoUITests */ = {
			isa = PBXGroup;
			children = (
				7A95E9272A2DF9F7008A2255 /* ios_architecture_demoUITests.swift */,
				7A95E9292A2DF9F7008A2255 /* ios_architecture_demoUITestsLaunchTests.swift */,
			);
			path = "ios architecture demoUITests";
			sourceTree = "<group>";
		};
		7A95E93F2A2DFA4A008A2255 /* Views */ = {
			isa = PBXGroup;
			children = (
				7A95E9402A2DFA5F008A2255 /* FirstScreen.xib */,
				7A95E9422A2DFAC6008A2255 /* FirstScreenViewController.swift */,
				7ABC6C362A2E082B001CBF82 /* SecondScreenView.swift */,
			);
			path = Views;
			sourceTree = "<group>";
		};
		7ABC6C262A2E045B001CBF82 /* Services */ = {
			isa = PBXGroup;
			children = (
				7ABC6C272A2E047D001CBF82 /* GetPaymentMethodsClient.swift */,
				7ABC6C2C2A2E04CD001CBF82 /* GetPaymentMethodsService.swift */,
				7ABC6C2E2A2E04EB001CBF82 /* RemoteGetPaymentMethodsService.swift */,
			);
			path = Services;
			sourceTree = "<group>";
		};
		7ABC6C292A2E049A001CBF82 /* Model */ = {
			isa = PBXGroup;
			children = (
				7ABC6C2A2A2E04A4001CBF82 /* PaymentMethod.swift */,
			);
			path = Model;
			sourceTree = "<group>";
		};
		7ABC6C302A2E0534001CBF82 /* Networking */ = {
			isa = PBXGroup;
			children = (
				7ABC6C312A2E0547001CBF82 /* MockNetworking.swift */,
				7ABC6C462A2E0C32001CBF82 /* AlternateNetworkingClient.swift */,
			);
			path = Networking;
			sourceTree = "<group>";
		};
		7ABC6C332A2E064D001CBF82 /* Presenter */ = {
			isa = PBXGroup;
			children = (
				7ABC6C342A2E065F001CBF82 /* FirstScreenPresenter.swift */,
			);
			path = Presenter;
			sourceTree = "<group>";
		};
		7ABC6C382A2E0852001CBF82 /* ViewModel */ = {
			isa = PBXGroup;
			children = (
				7ABC6C392A2E0862001CBF82 /* SecondScreenViewModel.swift */,
			);
			path = ViewModel;
			sourceTree = "<group>";
		};
/* End PBXGroup section */

/* Begin PBXNativeTarget section */
		7A95E9022A2DF9F6008A2255 /* ios architecture demo */ = {
			isa = PBXNativeTarget;
			buildConfigurationList = 7A95E92D2A2DF9F7008A2255 /* Build configuration list for PBXNativeTarget "ios architecture demo" */;
			buildPhases = (
				7A95E8FF2A2DF9F6008A2255 /* Sources */,
				7A95E9002A2DF9F6008A2255 /* Frameworks */,
				7A95E9012A2DF9F6008A2255 /* Resources */,
			);
			buildRules = (
			);
			dependencies = (
			);
			name = "ios architecture demo";
			productName = "ios architecture demo";
			productReference = 7A95E9032A2DF9F6008A2255 /* ios architecture demo.app */;
			productType = "com.apple.product-type.application";
		};
		7A95E9182A2DF9F7008A2255 /* ios architecture demoTests */ = {
			isa = PBXNativeTarget;
			buildConfigurationList = 7A95E9302A2DF9F7008A2255 /* Build configuration list for PBXNativeTarget "ios architecture demoTests" */;
			buildPhases = (
				7A95E9152A2DF9F7008A2255 /* Sources */,
				7A95E9162A2DF9F7008A2255 /* Frameworks */,
				7A95E9172A2DF9F7008A2255 /* Resources */,
			);
			buildRules = (
			);
			dependencies = (
				7A95E91B2A2DF9F7008A2255 /* PBXTargetDependency */,
			);
			name = "ios architecture demoTests";
			productName = "ios architecture demoTests";
			productReference = 7A95E9192A2DF9F7008A2255 /* ios architecture demoTests.xctest */;
			productType = "com.apple.product-type.bundle.unit-test";
		};
		7A95E9222A2DF9F7008A2255 /* ios architecture demoUITests */ = {
			isa = PBXNativeTarget;
			buildConfigurationList = 7A95E9332A2DF9F7008A2255 /* Build configuration list for PBXNativeTarget "ios architecture demoUITests" */;
			buildPhases = (
				7A95E91F2A2DF9F7008A2255 /* Sources */,
				7A95E9202A2DF9F7008A2255 /* Frameworks */,
				7A95E9212A2DF9F7008A2255 /* Resources */,
			);
			buildRules = (
			);
			dependencies = (
				7A95E9252A2DF9F7008A2255 /* PBXTargetDependency */,
			);
			name = "ios architecture demoUITests";
			productName = "ios architecture demoUITests";
			productReference = 7A95E9232A2DF9F7008A2255 /* ios architecture demoUITests.xctest */;
			productType = "com.apple.product-type.bundle.ui-testing";
		};
/* End PBXNativeTarget section */

/* Begin PBXProject section */
		7A95E8FB2A2DF9F6008A2255 /* Project object */ = {
			isa = PBXProject;
			attributes = {
				BuildIndependentTargetsInParallel = 1;
				LastSwiftUpdateCheck = 1420;
				LastUpgradeCheck = 1420;
				TargetAttributes = {
					7A95E9022A2DF9F6008A2255 = {
						CreatedOnToolsVersion = 14.2;
					};
					7A95E9182A2DF9F7008A2255 = {
						CreatedOnToolsVersion = 14.2;
						TestTargetID = 7A95E9022A2DF9F6008A2255;
					};
					7A95E9222A2DF9F7008A2255 = {
						CreatedOnToolsVersion = 14.2;
						TestTargetID = 7A95E9022A2DF9F6008A2255;
					};
				};
			};
			buildConfigurationList = 7A95E8FE2A2DF9F6008A2255 /* Build configuration list for PBXProject "ios architecture demo" */;
			compatibilityVersion = "Xcode 14.0";
			developmentRegion = en;
			hasScannedForEncodings = 0;
			knownRegions = (
				en,
				Base,
			);
			mainGroup = 7A95E8FA2A2DF9F6008A2255;
			productRefGroup = 7A95E9042A2DF9F6008A2255 /* Products */;
			projectDirPath = "";
			projectRoot = "";
			targets = (
				7A95E9022A2DF9F6008A2255 /* ios architecture demo */,
				7A95E9182A2DF9F7008A2255 /* ios architecture demoTests */,
				7A95E9222A2DF9F7008A2255 /* ios architecture demoUITests */,
			);
		};
/* End PBXProject section */

/* Begin PBXResourcesBuildPhase section */
		7A95E9012A2DF9F6008A2255 /* Resources */ = {
			isa = PBXResourcesBuildPhase;
			buildActionMask = 2147483647;
			files = (
				7A95E9412A2DFA5F008A2255 /* FirstScreen.xib in Resources */,
				7A95E9132A2DF9F7008A2255 /* LaunchScreen.storyboard in Resources */,
				7A95E9102A2DF9F7008A2255 /* Assets.xcassets in Resources */,
				7A48B05C2A2DFF4800BEF3D6 /* Main.storyboard in Resources */,
			);
			runOnlyForDeploymentPostprocessing = 0;
		};
		7A95E9172A2DF9F7008A2255 /* Resources */ = {
			isa = PBXResourcesBuildPhase;
			buildActionMask = 2147483647;
			files = (
			);
			runOnlyForDeploymentPostprocessing = 0;
		};
		7A95E9212A2DF9F7008A2255 /* Resources */ = {
			isa = PBXResourcesBuildPhase;
			buildActionMask = 2147483647;
			files = (
			);
			runOnlyForDeploymentPostprocessing = 0;
		};
/* End PBXResourcesBuildPhase section */

/* Begin PBXSourcesBuildPhase section */
		7A95E8FF2A2DF9F6008A2255 /* Sources */ = {
			isa = PBXSourcesBuildPhase;
			buildActionMask = 2147483647;
			files = (
				7ABC6C2F2A2E04EB001CBF82 /* RemoteGetPaymentMethodsService.swift in Sources */,
				7ABC6C472A2E0C32001CBF82 /* AlternateNetworkingClient.swift in Sources */,
				7ABC6C352A2E065F001CBF82 /* FirstScreenPresenter.swift in Sources */,
				7A95E9432A2DFAC6008A2255 /* FirstScreenViewController.swift in Sources */,
				7A48B0682A2E016600BEF3D6 /* FirstScreenInteractor.swift in Sources */,
				7A48B06E2A2E020800BEF3D6 /* Coordinator.swift in Sources */,
				7ABC6C282A2E047D001CBF82 /* GetPaymentMethodsClient.swift in Sources */,
				7A95E9072A2DF9F6008A2255 /* AppDelegate.swift in Sources */,
				7ABC6C2B2A2E04A4001CBF82 /* PaymentMethod.swift in Sources */,
				7A95E9092A2DF9F6008A2255 /* SceneDelegate.swift in Sources */,
				7ABC6C372A2E082B001CBF82 /* SecondScreenView.swift in Sources */,
				7ABC6C2D2A2E04CD001CBF82 /* GetPaymentMethodsService.swift in Sources */,
				7ABC6C322A2E0547001CBF82 /* MockNetworking.swift in Sources */,
				7ABC6C3C2A2E0880001CBF82 /* SecondScreenUIComposer.swift in Sources */,
				7ABC6C3A2A2E0862001CBF82 /* SecondScreenViewModel.swift in Sources */,
				7A48B06B2A2E01A500BEF3D6 /* FirstScreenUIComposer.swift in Sources */,
			);
			runOnlyForDeploymentPostprocessing = 0;
		};
		7A95E9152A2DF9F7008A2255 /* Sources */ = {
			isa = PBXSourcesBuildPhase;
			buildActionMask = 2147483647;
			files = (
				7A95E91E2A2DF9F7008A2255 /* ios_architecture_demoTests.swift in Sources */,
			);
			runOnlyForDeploymentPostprocessing = 0;
		};
		7A95E91F2A2DF9F7008A2255 /* Sources */ = {
			isa = PBXSourcesBuildPhase;
			buildActionMask = 2147483647;
			files = (
				7A95E92A2A2DF9F7008A2255 /* ios_architecture_demoUITestsLaunchTests.swift in Sources */,
				7A95E9282A2DF9F7008A2255 /* ios_architecture_demoUITests.swift in Sources */,
			);
			runOnlyForDeploymentPostprocessing = 0;
		};
/* End PBXSourcesBuildPhase section */

/* Begin PBXTargetDependency section */
		7A95E91B2A2DF9F7008A2255 /* PBXTargetDependency */ = {
			isa = PBXTargetDependency;
			target = 7A95E9022A2DF9F6008A2255 /* ios architecture demo */;
			targetProxy = 7A95E91A2A2DF9F7008A2255 /* PBXContainerItemProxy */;
		};
		7A95E9252A2DF9F7008A2255 /* PBXTargetDependency */ = {
			isa = PBXTargetDependency;
			target = 7A95E9022A2DF9F6008A2255 /* ios architecture demo */;
			targetProxy = 7A95E9242A2DF9F7008A2255 /* PBXContainerItemProxy */;
		};
/* End PBXTargetDependency section */

/* Begin PBXVariantGroup section */
		7A95E9112A2DF9F7008A2255 /* LaunchScreen.storyboard */ = {
			isa = PBXVariantGroup;
			children = (
				7A95E9122A2DF9F7008A2255 /* Base */,
			);
			name = LaunchScreen.storyboard;
			sourceTree = "<group>";
		};
/* End PBXVariantGroup section */

/* Begin XCBuildConfiguration section */
		7A95E92B2A2DF9F7008A2255 /* Debug */ = {
			isa = XCBuildConfiguration;
			buildSettings = {
				ALWAYS_SEARCH_USER_PATHS = NO;
				CLANG_ANALYZER_NONNULL = YES;
				CLANG_ANALYZER_NUMBER_OBJECT_CONVERSION = YES_AGGRESSIVE;
				CLANG_CXX_LANGUAGE_STANDARD = "gnu++20";
				CLANG_ENABLE_MODULES = YES;
				CLANG_ENABLE_OBJC_ARC = YES;
				CLANG_ENABLE_OBJC_WEAK = YES;
				CLANG_WARN_BLOCK_CAPTURE_AUTORELEASING = YES;
				CLANG_WARN_BOOL_CONVERSION = YES;
				CLANG_WARN_COMMA = YES;
				CLANG_WARN_CONSTANT_CONVERSION = YES;
				CLANG_WARN_DEPRECATED_OBJC_IMPLEMENTATIONS = YES;
				CLANG_WARN_DIRECT_OBJC_ISA_USAGE = YES_ERROR;
				CLANG_WARN_DOCUMENTATION_COMMENTS = YES;
				CLANG_WARN_EMPTY_BODY = YES;
				CLANG_WARN_ENUM_CONVERSION = YES;
				CLANG_WARN_INFINITE_RECURSION = YES;
				CLANG_WARN_INT_CONVERSION = YES;
				CLANG_WARN_NON_LITERAL_NULL_CONVERSION = YES;
				CLANG_WARN_OBJC_IMPLICIT_RETAIN_SELF = YES;
				CLANG_WARN_OBJC_LITERAL_CONVERSION = YES;
				CLANG_WARN_OBJC_ROOT_CLASS = YES_ERROR;
				CLANG_WARN_QUOTED_INCLUDE_IN_FRAMEWORK_HEADER = YES;
				CLANG_WARN_RANGE_LOOP_ANALYSIS = YES;
				CLANG_WARN_STRICT_PROTOTYPES = YES;
				CLANG_WARN_SUSPICIOUS_MOVE = YES;
				CLANG_WARN_UNGUARDED_AVAILABILITY = YES_AGGRESSIVE;
				CLANG_WARN_UNREACHABLE_CODE = YES;
				CLANG_WARN__DUPLICATE_METHOD_MATCH = YES;
				COPY_PHASE_STRIP = NO;
				DEBUG_INFORMATION_FORMAT = dwarf;
				ENABLE_STRICT_OBJC_MSGSEND = YES;
				ENABLE_TESTABILITY = YES;
				GCC_C_LANGUAGE_STANDARD = gnu11;
				GCC_DYNAMIC_NO_PIC = NO;
				GCC_NO_COMMON_BLOCKS = YES;
				GCC_OPTIMIZATION_LEVEL = 0;
				GCC_PREPROCESSOR_DEFINITIONS = (
					"DEBUG=1",
					"$(inherited)",
				);
				GCC_WARN_64_TO_32_BIT_CONVERSION = YES;
				GCC_WARN_ABOUT_RETURN_TYPE = YES_ERROR;
				GCC_WARN_UNDECLARED_SELECTOR = YES;
				GCC_WARN_UNINITIALIZED_AUTOS = YES_AGGRESSIVE;
				GCC_WARN_UNUSED_FUNCTION = YES;
				GCC_WARN_UNUSED_VARIABLE = YES;
				IPHONEOS_DEPLOYMENT_TARGET = 16.2;
				MTL_ENABLE_DEBUG_INFO = INCLUDE_SOURCE;
				MTL_FAST_MATH = YES;
				ONLY_ACTIVE_ARCH = YES;
				SDKROOT = iphoneos;
				SWIFT_ACTIVE_COMPILATION_CONDITIONS = DEBUG;
				SWIFT_OPTIMIZATION_LEVEL = "-Onone";
			};
			name = Debug;
		};
		7A95E92C2A2DF9F7008A2255 /* Release */ = {
			isa = XCBuildConfiguration;
			buildSettings = {
				ALWAYS_SEARCH_USER_PATHS = NO;
				CLANG_ANALYZER_NONNULL = YES;
				CLANG_ANALYZER_NUMBER_OBJECT_CONVERSION = YES_AGGRESSIVE;
				CLANG_CXX_LANGUAGE_STANDARD = "gnu++20";
				CLANG_ENABLE_MODULES = YES;
				CLANG_ENABLE_OBJC_ARC = YES;
				CLANG_ENABLE_OBJC_WEAK = YES;
				CLANG_WARN_BLOCK_CAPTURE_AUTORELEASING = YES;
				CLANG_WARN_BOOL_CONVERSION = YES;
				CLANG_WARN_COMMA = YES;
				CLANG_WARN_CONSTANT_CONVERSION = YES;
				CLANG_WARN_DEPRECATED_OBJC_IMPLEMENTATIONS = YES;
				CLANG_WARN_DIRECT_OBJC_ISA_USAGE = YES_ERROR;
				CLANG_WARN_DOCUMENTATION_COMMENTS = YES;
				CLANG_WARN_EMPTY_BODY = YES;
				CLANG_WARN_ENUM_CONVERSION = YES;
				CLANG_WARN_INFINITE_RECURSION = YES;
				CLANG_WARN_INT_CONVERSION = YES;
				CLANG_WARN_NON_LITERAL_NULL_CONVERSION = YES;
				CLANG_WARN_OBJC_IMPLICIT_RETAIN_SELF = YES;
				CLANG_WARN_OBJC_LITERAL_CONVERSION = YES;
				CLANG_WARN_OBJC_ROOT_CLASS = YES_ERROR;
				CLANG_WARN_QUOTED_INCLUDE_IN_FRAMEWORK_HEADER = YES;
				CLANG_WARN_RANGE_LOOP_ANALYSIS = YES;
				CLANG_WARN_STRICT_PROTOTYPES = YES;
				CLANG_WARN_SUSPICIOUS_MOVE = YES;
				CLANG_WARN_UNGUARDED_AVAILABILITY = YES_AGGRESSIVE;
				CLANG_WARN_UNREACHABLE_CODE = YES;
				CLANG_WARN__DUPLICATE_METHOD_MATCH = YES;
				COPY_PHASE_STRIP = NO;
				DEBUG_INFORMATION_FORMAT = "dwarf-with-dsym";
				ENABLE_NS_ASSERTIONS = NO;
				ENABLE_STRICT_OBJC_MSGSEND = YES;
				GCC_C_LANGUAGE_STANDARD = gnu11;
				GCC_NO_COMMON_BLOCKS = YES;
				GCC_WARN_64_TO_32_BIT_CONVERSION = YES;
				GCC_WARN_ABOUT_RETURN_TYPE = YES_ERROR;
				GCC_WARN_UNDECLARED_SELECTOR = YES;
				GCC_WARN_UNINITIALIZED_AUTOS = YES_AGGRESSIVE;
				GCC_WARN_UNUSED_FUNCTION = YES;
				GCC_WARN_UNUSED_VARIABLE = YES;
				IPHONEOS_DEPLOYMENT_TARGET = 16.2;
				MTL_ENABLE_DEBUG_INFO = NO;
				MTL_FAST_MATH = YES;
				SDKROOT = iphoneos;
				SWIFT_COMPILATION_MODE = wholemodule;
				SWIFT_OPTIMIZATION_LEVEL = "-O";
				VALIDATE_PRODUCT = YES;
			};
			name = Release;
		};
		7A95E92E2A2DF9F7008A2255 /* Debug */ = {
			isa = XCBuildConfiguration;
			buildSettings = {
				ASSETCATALOG_COMPILER_APPICON_NAME = AppIcon;
				ASSETCATALOG_COMPILER_GLOBAL_ACCENT_COLOR_NAME = AccentColor;
				CODE_SIGN_STYLE = Automatic;
				CURRENT_PROJECT_VERSION = 1;
				DEVELOPMENT_TEAM = VZX2D2K2NJ;
				GENERATE_INFOPLIST_FILE = YES;
				INFOPLIST_FILE = "ios architecture demo/Info.plist";
				INFOPLIST_KEY_UIApplicationSupportsIndirectInputEvents = YES;
				INFOPLIST_KEY_UILaunchStoryboardName = LaunchScreen;
				INFOPLIST_KEY_UISupportedInterfaceOrientations_iPad = "UIInterfaceOrientationPortrait UIInterfaceOrientationPortraitUpsideDown UIInterfaceOrientationLandscapeLeft UIInterfaceOrientationLandscapeRight";
				INFOPLIST_KEY_UISupportedInterfaceOrientations_iPhone = "UIInterfaceOrientationPortrait UIInterfaceOrientationLandscapeLeft UIInterfaceOrientationLandscapeRight";
				LD_RUNPATH_SEARCH_PATHS = (
					"$(inherited)",
					"@executable_path/Frameworks",
				);
				MARKETING_VERSION = 1.0;
				PRODUCT_BUNDLE_IDENTIFIER = "com.example.landmarks.ios-architecture-demo";
				PRODUCT_NAME = "$(TARGET_NAME)";
				SWIFT_EMIT_LOC_STRINGS = YES;
				SWIFT_VERSION = 5.0;
				TARGETED_DEVICE_FAMILY = "1,2";
			};
			name = Debug;
		};
		7A95E92F2A2DF9F7008A2255 /* Release */ = {
			isa = XCBuildConfiguration;
			buildSettings = {
				ASSETCATALOG_COMPILER_APPICON_NAME = AppIcon;
				ASSETCATALOG_COMPILER_GLOBAL_ACCENT_COLOR_NAME = AccentColor;
				CODE_SIGN_STYLE = Automatic;
				CURRENT_PROJECT_VERSION = 1;
				DEVELOPMENT_TEAM = VZX2D2K2NJ;
				GENERATE_INFOPLIST_FILE = YES;
				INFOPLIST_FILE = "ios architecture demo/Info.plist";
				INFOPLIST_KEY_UIApplicationSupportsIndirectInputEvents = YES;
				INFOPLIST_KEY_UILaunchStoryboardName = LaunchScreen;
				INFOPLIST_KEY_UISupportedInterfaceOrientations_iPad = "UIInterfaceOrientationPortrait UIInterfaceOrientationPortraitUpsideDown UIInterfaceOrientationLandscapeLeft UIInterfaceOrientationLandscapeRight";
				INFOPLIST_KEY_UISupportedInterfaceOrientations_iPhone = "UIInterfaceOrientationPortrait UIInterfaceOrientationLandscapeLeft UIInterfaceOrientationLandscapeRight";
				LD_RUNPATH_SEARCH_PATHS = (
					"$(inherited)",
					"@executable_path/Frameworks",
				);
				MARKETING_VERSION = 1.0;
				PRODUCT_BUNDLE_IDENTIFIER = "com.example.landmarks.ios-architecture-demo";
				PRODUCT_NAME = "$(TARGET_NAME)";
				SWIFT_EMIT_LOC_STRINGS = YES;
				SWIFT_VERSION = 5.0;
				TARGETED_DEVICE_FAMILY = "1,2";
			};
			name = Release;
		};
		7A95E9312A2DF9F7008A2255 /* Debug */ = {
			isa = XCBuildConfiguration;
			buildSettings = {
				ALWAYS_EMBED_SWIFT_STANDARD_LIBRARIES = YES;
				BUNDLE_LOADER = "$(TEST_HOST)";
				CODE_SIGN_STYLE = Automatic;
				CURRENT_PROJECT_VERSION = 1;
				DEVELOPMENT_TEAM = VZX2D2K2NJ;
				GENERATE_INFOPLIST_FILE = YES;
				IPHONEOS_DEPLOYMENT_TARGET = 16.2;
				MARKETING_VERSION = 1.0;
				PRODUCT_BUNDLE_IDENTIFIER = "com.example.landmarks.ios-architecture-demoTests";
				PRODUCT_NAME = "$(TARGET_NAME)";
				SWIFT_EMIT_LOC_STRINGS = NO;
				SWIFT_VERSION = 5.0;
				TARGETED_DEVICE_FAMILY = "1,2";
				TEST_HOST = "$(BUILT_PRODUCTS_DIR)/ios architecture demo.app/$(BUNDLE_EXECUTABLE_FOLDER_PATH)/ios architecture demo";
			};
			name = Debug;
		};
		7A95E9322A2DF9F7008A2255 /* Release */ = {
			isa = XCBuildConfiguration;
			buildSettings = {
				ALWAYS_EMBED_SWIFT_STANDARD_LIBRARIES = YES;
				BUNDLE_LOADER = "$(TEST_HOST)";
				CODE_SIGN_STYLE = Automatic;
				CURRENT_PROJECT_VERSION = 1;
				DEVELOPMENT_TEAM = VZX2D2K2NJ;
				GENERATE_INFOPLIST_FILE = YES;
				IPHONEOS_DEPLOYMENT_TARGET = 16.2;
				MARKETING_VERSION = 1.0;
				PRODUCT_BUNDLE_IDENTIFIER = "com.example.landmarks.ios-architecture-demoTests";
				PRODUCT_NAME = "$(TARGET_NAME)";
				SWIFT_EMIT_LOC_STRINGS = NO;
				SWIFT_VERSION = 5.0;
				TARGETED_DEVICE_FAMILY = "1,2";
				TEST_HOST = "$(BUILT_PRODUCTS_DIR)/ios architecture demo.app/$(BUNDLE_EXECUTABLE_FOLDER_PATH)/ios architecture demo";
			};
			name = Release;
		};
		7A95E9342A2DF9F7008A2255 /* Debug */ = {
			isa = XCBuildConfiguration;
			buildSettings = {
				ALWAYS_EMBED_SWIFT_STANDARD_LIBRARIES = YES;
				CODE_SIGN_STYLE = Automatic;
				CURRENT_PROJECT_VERSION = 1;
				DEVELOPMENT_TEAM = VZX2D2K2NJ;
				GENERATE_INFOPLIST_FILE = YES;
				MARKETING_VERSION = 1.0;
				PRODUCT_BUNDLE_IDENTIFIER = "com.example.landmarks.ios-architecture-demoUITests";
				PRODUCT_NAME = "$(TARGET_NAME)";
				SWIFT_EMIT_LOC_STRINGS = NO;
				SWIFT_VERSION = 5.0;
				TARGETED_DEVICE_FAMILY = "1,2";
				TEST_TARGET_NAME = "ios architecture demo";
			};
			name = Debug;
		};
		7A95E9352A2DF9F7008A2255 /* Release */ = {
			isa = XCBuildConfiguration;
			buildSettings = {
				ALWAYS_EMBED_SWIFT_STANDARD_LIBRARIES = YES;
				CODE_SIGN_STYLE = Automatic;
				CURRENT_PROJECT_VERSION = 1;
				DEVELOPMENT_TEAM = VZX2D2K2NJ;
				GENERATE_INFOPLIST_FILE = YES;
				MARKETING_VERSION = 1.0;
				PRODUCT_BUNDLE_IDENTIFIER = "com.example.landmarks.ios-architecture-demoUITests";
				PRODUCT_NAME = "$(TARGET_NAME)";
				SWIFT_EMIT_LOC_STRINGS = NO;
				SWIFT_VERSION = 5.0;
				TARGETED_DEVICE_FAMILY = "1,2";
				TEST_TARGET_NAME = "ios architecture demo";
			};
			name = Release;
		};
/* End XCBuildConfiguration section */

/* Begin XCConfigurationList section */
		7A95E8FE2A2DF9F6008A2255 /* Build configuration list for PBXProject "ios architecture demo" */ = {
			isa = XCConfigurationList;
			buildConfigurations = (
				7A95E92B2A2DF9F7008A2255 /* Debug */,
				7A95E92C2A2DF9F7008A2255 /* Release */,
			);
			defaultConfigurationIsVisible = 0;
			defaultConfigurationName = Release;
		};
		7A95E92D2A2DF9F7008A2255 /* Build configuration list for PBXNativeTarget "ios architecture demo" */ = {
			isa = XCConfigurationList;
			buildConfigurations = (
				7A95E92E2A2DF9F7008A2255 /* Debug */,
				7A95E92F2A2DF9F7008A2255 /* Release */,
			);
			defaultConfigurationIsVisible = 0;
			defaultConfigurationName = Release;
		};
		7A95E9302A2DF9F7008A2255 /* Build configuration list for PBXNativeTarget "ios architecture demoTests" */ = {
			isa = XCConfigurationList;
			buildConfigurations = (
				7A95E9312A2DF9F7008A2255 /* Debug */,
				7A95E9322A2DF9F7008A2255 /* Release */,
			);
			defaultConfigurationIsVisible = 0;
			defaultConfigurationName = Release;
		};
		7A95E9332A2DF9F7008A2255 /* Build configuration list for PBXNativeTarget "ios architecture demoUITests" */ = {
			isa = XCConfigurationList;
			buildConfigurations = (
				7A95E9342A2DF9F7008A2255 /* Debug */,
				7A95E9352A2DF9F7008A2255 /* Release */,
			);
			defaultConfigurationIsVisible = 0;
			defaultConfigurationName = Release;
		};
/* End XCConfigurationList section */
	};
	rootObject = 7A95E8FB2A2DF9F6008A2255 /* Project object */;
}
